
Microsoft Visual Studio Solution File, Format Version 12.00
# Visual Studio 2015
Project("{FAE04EC0-301F-11D3-BF4B-00C04F79EFBC}") = "GameJame8.CSharp", "GameJame8.CSharp.csproj", "{ACE1C2E6-D57D-2544-2115-AB89B368596B}"
EndProject
Global
	GlobalSection(SolutionConfigurationPlatforms) = preSolution
		Debug|Any CPU = Debug|Any CPU
		Release|Any CPU = Release|Any CPU
	EndGlobalSection
	GlobalSection(ProjectConfigurationPlatforms) = postSolution
		{ACE1C2E6-D57D-2544-2115-AB89B368596B}.Debug|Any CPU.ActiveCfg = Debug|Any CPU
		{ACE1C2E6-D57D-2544-2115-AB89B368596B}.Debug|Any CPU.Build.0 = Debug|Any CPU
		{ACE1C2E6-D57D-2544-2115-AB89B368596B}.Release|Any CPU.ActiveCfg = Release|Any CPU
		{ACE1C2E6-D57D-2544-2115-AB89B368596B}.Release|Any CPU.Build.0 = Release|Any CPU
	EndGlobalSection
	GlobalSection(SolutionProperties) = preSolution
		HideSolutionNode = FALSE
	EndGlobalSection
EndGlobal
